
Microsoft Visual Studio Solution File, Format Version 12.00
# Visual Studio Version 17
VisualStudioVersion = 17.13.35825.156 d17.13
MinimumVisualStudioVersion = 10.0.40219.1
Project("{FAE04EC0-301F-11D3-BF4B-00C04F79EFBC}") = "UsersRepository", "UsersRepository\UsersRepository.csproj", "{FCDC4CF5-9F06-43D0-9D13-128613DD6F1F}"
EndProject
Global
	GlobalSection(SolutionConfigurationPlatforms) = preSolution
		Debug|Any CPU = Debug|Any CPU
		Release|Any CPU = Release|Any CPU
	EndGlobalSection
	GlobalSection(ProjectConfigurationPlatforms) = postSolution
		{FCDC4CF5-9F06-43D0-9D13-128613DD6F1F}.Debug|Any CPU.ActiveCfg = Debug|Any CPU
		{FCDC4CF5-9F06-43D0-9D13-128613DD6F1F}.Debug|Any CPU.Build.0 = Debug|Any CPU
		{FCDC4CF5-9F06-43D0-9D13-128613DD6F1F}.Release|Any CPU.ActiveCfg = Release|Any CPU
		{FCDC4CF5-9F06-43D0-9D13-128613DD6F1F}.Release|Any CPU.Build.0 = Release|Any CPU
	EndGlobalSection
	GlobalSection(SolutionProperties) = preSolution
		HideSolutionNode = FALSE
	EndGlobalSection
	GlobalSection(ExtensibilityGlobals) = postSolution
		SolutionGuid = {82CDF67E-B304-4A48-B824-BB8F269B022C}
	EndGlobalSection
EndGlobal
